{
  "name": "redis_project",
  "version": "1.0.0",
  "lockfileVersion": 2,
  "requires": true,
  "packages": {
    "": {
      "name": "redis_project",
      "version": "1.0.0",
      "license": "ISC",
      "dependencies": {
        "dotenv": "^10.0.0",
        "neo4j-driver-lite": "^4.3.4"
      }
    },
    "node_modules/dotenv": {
      "version": "10.0.0",
      "resolved": "https://registry.npmjs.org/dotenv/-/dotenv-10.0.0.tgz",
      "integrity": "sha512-rlBi9d8jpv9Sf1klPjNfFAuWDjKLwTIJJ/VxtoTwIR6hnZxcEOQCZg2oIL3MWBYw5GpUDKOEnND7LXTbIpQ03Q==",
      "engines": {
        "node": ">=10"
      }
    },
    "node_modules/neo4j-driver-bolt-connection": {
      "version": "4.3.4",
      "resolved": "https://registry.npmjs.org/neo4j-driver-bolt-connection/-/neo4j-driver-bolt-connection-4.3.4.tgz",
      "integrity": "sha512-yxbvwGav+N7EYjcEAINqL6D3CZV+ee2qLInpAhx+iNurwbl3zqtBGiVP79SZ+7tU++y3Q1fW5ofikH06yc+LqQ==",
      "dependencies": {
        "neo4j-driver-core": "^4.3.4",
        "text-encoding-utf-8": "^1.0.2"
      }
    },
    "node_modules/neo4j-driver-core": {
      "version": "4.3.4",
      "resolved": "https://registry.npmjs.org/neo4j-driver-core/-/neo4j-driver-core-4.3.4.tgz",
      "integrity": "sha512-3tn3j6IRUNlpXeehZ9Xv7dLTZPB4a7APaoJ+xhQyMmYQO3ujDM4RFHc0pZcG+GokmaltT5pUCIPTDYx6ODdhcA=="
    },
    "node_modules/neo4j-driver-lite": {
      "version": "4.3.4",
      "resolved": "https://registry.npmjs.org/neo4j-driver-lite/-/neo4j-driver-lite-4.3.4.tgz",
      "integrity": "sha512-Scp5x6NtAWRmkpNsc2sGjkBscwweYpmtbr1ajoO+AxkOrhGvfmz8URfsDBc34uEI0fAosK29lYuzTUzOQFPYtQ==",
      "dependencies": {
        "neo4j-driver-bolt-connection": "^4.3.4",
        "neo4j-driver-core": "^4.3.4"
      }
    },
    "node_modules/text-encoding-utf-8": {
      "version": "1.0.2",
      "resolved": "https://registry.npmjs.org/text-encoding-utf-8/-/text-encoding-utf-8-1.0.2.tgz",
      "integrity": "sha512-8bw4MY9WjdsD2aMtO0OzOCY3pXGYNx2d2FfHRVUKkiCPDWjKuOlhLVASS+pD7VkLTVjW268LYJHwsnPFlBpbAg=="
    }
  },
  "dependencies": {
    "dotenv": {
      "version": "10.0.0",
      "resolved": "https://registry.npmjs.org/dotenv/-/dotenv-10.0.0.tgz",
      "integrity": "sha512-rlBi9d8jpv9Sf1klPjNfFAuWDjKLwTIJJ/VxtoTwIR6hnZxcEOQCZg2oIL3MWBYw5GpUDKOEnND7LXTbIpQ03Q=="
    },
    "neo4j-driver-bolt-connection": {
      "version": "4.3.4",
      "resolved": "https://registry.npmjs.org/neo4j-driver-bolt-connection/-/neo4j-driver-bolt-connection-4.3.4.tgz",
      "integrity": "sha512-yxbvwGav+N7EYjcEAINqL6D3CZV+ee2qLInpAhx+iNurwbl3zqtBGiVP79SZ+7tU++y3Q1fW5ofikH06yc+LqQ==",
      "requires": {
        "neo4j-driver-core": "^4.3.4",
        "text-encoding-utf-8": "^1.0.2"
      }
    },
    "neo4j-driver-core": {
      "version": "4.3.4",
      "resolved": "https://registry.npmjs.org/neo4j-driver-core/-/neo4j-driver-core-4.3.4.tgz",
      "integrity": "sha512-3tn3j6IRUNlpXeehZ9Xv7dLTZPB4a7APaoJ+xhQyMmYQO3ujDM4RFHc0pZcG+GokmaltT5pUCIPTDYx6ODdhcA=="
    },
    "neo4j-driver-lite": {
      "version": "4.3.4",
      "resolved": "https://registry.npmjs.org/neo4j-driver-lite/-/neo4j-driver-lite-4.3.4.tgz",
      "integrity": "sha512-Scp5x6NtAWRmkpNsc2sGjkBscwweYpmtbr1ajoO+AxkOrhGvfmz8URfsDBc34uEI0fAosK29lYuzTUzOQFPYtQ==",
      "requires": {
        "neo4j-driver-bolt-connection": "^4.3.4",
        "neo4j-driver-core": "^4.3.4"
      }
    },
    "text-encoding-utf-8": {
      "version": "1.0.2",
      "resolved": "https://registry.npmjs.org/text-encoding-utf-8/-/text-encoding-utf-8-1.0.2.tgz",
      "integrity": "sha512-8bw4MY9WjdsD2aMtO0OzOCY3pXGYNx2d2FfHRVUKkiCPDWjKuOlhLVASS+pD7VkLTVjW268LYJHwsnPFlBpbAg=="
    }
  }
}
